Microsoft Visual Studio Solution File, Format Version 9.00
# Visual Studio 2005
Project("{8BC9CEB8-8B4A-11D0-8D11-00A0C91BC942}") = "ovrl_lib", "libs\ovrl_lib.vcproj", "{9E65E962-9511-4BB2-BD36-8D0BE550982B}"
EndProject
Project("{8BC9CEB8-8B4A-11D0-8D11-00A0C91BC942}") = "Demo", "bins\demo.vcproj", "{DF7EB651-9E23-441D-B752-B4B807A496DC}"
	ProjectSection(ProjectDependencies) = postProject
		{9E65E962-9511-4BB2-BD36-8D0BE550982B} = {9E65E962-9511-4BB2-BD36-8D0BE550982B}
	EndProjectSection
EndProject
Global
	GlobalSection(SolutionConfigurationPlatforms) = preSolution
		Debug|Win32 = Debug|Win32
		Release|Win32 = Release|Win32
	EndGlobalSection
	GlobalSection(ProjectConfigurationPlatforms) = postSolution
		{9E65E962-9511-4BB2-BD36-8D0BE550982B}.Debug|Win32.ActiveCfg = Debug|Win32
		{9E65E962-9511-4BB2-BD36-8D0BE550982B}.Debug|Win32.Build.0 = Debug|Win32
		{9E65E962-9511-4BB2-BD36-8D0BE550982B}.Release|Win32.ActiveCfg = Release|Win32
		{9E65E962-9511-4BB2-BD36-8D0BE550982B}.Release|Win32.Build.0 = Release|Win32
		{DF7EB651-9E23-441D-B752-B4B807A496DC}.Debug|Win32.ActiveCfg = Debug|Win32
		{DF7EB651-9E23-441D-B752-B4B807A496DC}.Debug|Win32.Build.0 = Debug|Win32
		{DF7EB651-9E23-441D-B752-B4B807A496DC}.Release|Win32.ActiveCfg = Release|Win32
		{DF7EB651-9E23-441D-B752-B4B807A496DC}.Release|Win32.Build.0 = Release|Win32
	EndGlobalSection
	GlobalSection(SolutionProperties) = preSolution
		HideSolutionNode = FALSE
	EndGlobalSection
EndGlobal
