Microsoft Visual Studio Solution File, Format Version 8.00
Project("{8BC9CEB8-8B4A-11D0-8D11-00A0C91BC942}") = "asc2geo", "../misc/asc2geo/asc2geo.vcproj", "{1FA0321F-CEBA-4E51-8C27-7CCCD72097F6}"
	ProjectSection(ProjectDependencies) = postProject
	EndProjectSection
EndProject
Project("{8BC9CEB8-8B4A-11D0-8D11-00A0C91BC942}") = "asc2tex", "..\misc\asc2tex\asc2tex.vcproj", "{EBA110DC-EBB7-4DAF-BE50-87287B692655}"
	ProjectSection(ProjectDependencies) = postProject
	EndProjectSection
EndProject
Global
	GlobalSection(SolutionConfiguration) = preSolution
		Debug = Debug
		Release = Release
	EndGlobalSection
	GlobalSection(ProjectConfiguration) = postSolution
		{1FA0321F-CEBA-4E51-8C27-7CCCD72097F6}.Debug.ActiveCfg = Debug|Win32
		{1FA0321F-CEBA-4E51-8C27-7CCCD72097F6}.Debug.Build.0 = Debug|Win32
		{1FA0321F-CEBA-4E51-8C27-7CCCD72097F6}.Release.ActiveCfg = Release|Win32
		{1FA0321F-CEBA-4E51-8C27-7CCCD72097F6}.Release.Build.0 = Release|Win32
		{EBA110DC-EBB7-4DAF-BE50-87287B692655}.Debug.ActiveCfg = Debug|Win32
		{EBA110DC-EBB7-4DAF-BE50-87287B692655}.Debug.Build.0 = Debug|Win32
		{EBA110DC-EBB7-4DAF-BE50-87287B692655}.Release.ActiveCfg = Release|Win32
		{EBA110DC-EBB7-4DAF-BE50-87287B692655}.Release.Build.0 = Release|Win32
	EndGlobalSection
	GlobalSection(ExtensibilityGlobals) = postSolution
	EndGlobalSection
	GlobalSection(ExtensibilityAddIns) = postSolution
	EndGlobalSection
EndGlobal
