Microsoft Visual Studio Solution File, Format Version 8.00
Project("{8BC9CEB8-8B4A-11D0-8D11-00A0C91BC942}") = "ovrltest", "bins\ovrltest.vcproj", "{DF7EB651-9E23-441D-B752-B4B807A496DC}"
	ProjectSection(ProjectDependencies) = postProject
		{9E65E962-9511-4BB2-BD36-8D0BE550982B} = {9E65E962-9511-4BB2-BD36-8D0BE550982B}
	EndProjectSection
EndProject
Project("{8BC9CEB8-8B4A-11D0-8D11-00A0C91BC942}") = "TPLEdit", "bins\TPLEdit.vcproj", "{50ED350A-B44B-4F81-B7FF-E6EA160F3A7C}"
	ProjectSection(ProjectDependencies) = postProject
		{9E65E962-9511-4BB2-BD36-8D0BE550982B} = {9E65E962-9511-4BB2-BD36-8D0BE550982B}
	EndProjectSection
EndProject
Project("{8BC9CEB8-8B4A-11D0-8D11-00A0C91BC942}") = "test", "test\test.vcproj", "{A1CC353D-2269-4F9F-ADF6-937CDC291FD4}"
	ProjectSection(ProjectDependencies) = postProject
		{9E65E962-9511-4BB2-BD36-8D0BE550982B} = {9E65E962-9511-4BB2-BD36-8D0BE550982B}
	EndProjectSection
EndProject
Project("{8BC9CEB8-8B4A-11D0-8D11-00A0C91BC942}") = "ovrl_lib", "libs\ovrl_lib.vcproj", "{9E65E962-9511-4BB2-BD36-8D0BE550982B}"
	ProjectSection(ProjectDependencies) = postProject
	EndProjectSection
EndProject
Global
	GlobalSection(SolutionConfiguration) = preSolution
		Debug = Debug
		Release = Release
	EndGlobalSection
	GlobalSection(ProjectConfiguration) = postSolution
		{DF7EB651-9E23-441D-B752-B4B807A496DC}.Debug.ActiveCfg = Debug|Win32
		{DF7EB651-9E23-441D-B752-B4B807A496DC}.Debug.Build.0 = Debug|Win32
		{DF7EB651-9E23-441D-B752-B4B807A496DC}.Release.ActiveCfg = Release|Win32
		{DF7EB651-9E23-441D-B752-B4B807A496DC}.Release.Build.0 = Release|Win32
		{50ED350A-B44B-4F81-B7FF-E6EA160F3A7C}.Debug.ActiveCfg = Debug|Win32
		{50ED350A-B44B-4F81-B7FF-E6EA160F3A7C}.Debug.Build.0 = Debug|Win32
		{50ED350A-B44B-4F81-B7FF-E6EA160F3A7C}.Release.ActiveCfg = Release|Win32
		{50ED350A-B44B-4F81-B7FF-E6EA160F3A7C}.Release.Build.0 = Release|Win32
		{A1CC353D-2269-4F9F-ADF6-937CDC291FD4}.Debug.ActiveCfg = Debug|Win32
		{A1CC353D-2269-4F9F-ADF6-937CDC291FD4}.Debug.Build.0 = Debug|Win32
		{A1CC353D-2269-4F9F-ADF6-937CDC291FD4}.Release.ActiveCfg = Release|Win32
		{A1CC353D-2269-4F9F-ADF6-937CDC291FD4}.Release.Build.0 = Release|Win32
		{9E65E962-9511-4BB2-BD36-8D0BE550982B}.Debug.ActiveCfg = Debug|Win32
		{9E65E962-9511-4BB2-BD36-8D0BE550982B}.Debug.Build.0 = Debug|Win32
		{9E65E962-9511-4BB2-BD36-8D0BE550982B}.Release.ActiveCfg = Release|Win32
		{9E65E962-9511-4BB2-BD36-8D0BE550982B}.Release.Build.0 = Release|Win32
	EndGlobalSection
	GlobalSection(ExtensibilityGlobals) = postSolution
	EndGlobalSection
	GlobalSection(ExtensibilityAddIns) = postSolution
	EndGlobalSection
EndGlobal
